<?xml version="1.0" encoding="utf-8"?>
<Project ToolsVersion="4.0" xmlns="http://schemas.microsoft.com/developer/msbuild/2003">
  <ItemGroup>
    <Filter Include="Source Files">
      <UniqueIdentifier>{4FC737F1-C7A5-4376-A066-2A32D752A2FF}</UniqueIdentifier>
      <Extensions>cpp;c;cc;cxx;def;odl;idl;hpj;bat;asm;asmx</Extensions>
    </Filter>
    <Filter Include="Header Files">
      <UniqueIdentifier>{93995380-89BD-4b04-88EB-625FBE52EBFB}</UniqueIdentifier>
      <Extensions>h;hh;hpp;hxx;hm;inl;inc;xsd</Extensions>
    </Filter>
    <Filter Include="Resource Files">
      <UniqueIdentifier>{67DA6AB6-F800-4c08-8B7A-83BB121AAD01}</UniqueIdentifier>
      <Extensions>rc;ico;cur;bmp;dlg;rc2;rct;bin;rgs;gif;jpg;jpeg;jpe;resx;tiff;tif;png;wav;mfcribbon-ms</Extensions>
    </Filter>
    <Filter Include="Header Files\Data Manipulation">
      <UniqueIdentifier>{0a0b9c00-4787-405a-80a3-706b255fc192}</UniqueIdentifier>
    </Filter>
    <Filter Include="Header Files\Domain">
      <UniqueIdentifier>{62f4d636-57b6-44b1-b666-8cfb8562611b}</UniqueIdentifier>
    </Filter>
    <Filter Include="Header Files\LazyLoad">
      <UniqueIdentifier>{f33fbbcf-9b33-4352-aed1-e035b9115642}</UniqueIdentifier>
    </Filter>
    <Filter Include="Header Files\Security">
      <UniqueIdentifier>{bbe826bd-2e2d-4491-a3b1-e129a4a767d8}</UniqueIdentifier>
    </Filter>
    <Filter Include="Header Files\PlatformSpecific">
      <UniqueIdentifier>{7a6f5271-65df-41d2-804f-bd3aea50345a}</UniqueIdentifier>
    </Filter>
  </ItemGroup>
  <ItemGroup>
    <ClInclude Include="stdafx.h">
      <Filter>Header Files</Filter>
    </ClInclude>
    <ClInclude Include="targetver.h">
      <Filter>Header Files</Filter>
    </ClInclude>
    <ClInclude Include="IdentityMap.h">
      <Filter>Header Files</Filter>
    </ClInclude>
    <ClInclude Include="BaseMapper.h">
      <Filter>Header Files\Data Manipulation</Filter>
    </ClInclude>
    <ClInclude Include="DomainObject.h">
      <Filter>Header Files\Domain</Filter>
    </ClInclude>
    <ClInclude Include="Types.h">
      <Filter>Header Files\PlatformSpecific</Filter>
    </ClInclude>
    <ClInclude Include="BaseQueryObject.h">
      <Filter>Header Files\Data Manipulation</Filter>
    </ClInclude>
    <ClInclude Include="DllMacros.h">
      <Filter>Header Files\PlatformSpecific</Filter>
    </ClInclude>
  </ItemGroup>
  <ItemGroup>
    <ClCompile Include="stdafx.cpp">
      <Filter>Source Files</Filter>
    </ClCompile>
    <ClCompile Include="Framework.cpp">
      <Filter>Source Files</Filter>
    </ClCompile>
    <ClCompile Include="dllmain.cpp">
      <Filter>Source Files</Filter>
    </ClCompile>
    <ClCompile Include="DomainObject.cpp">
      <Filter>Source Files</Filter>
    </ClCompile>
  </ItemGroup>
</Project>